
Microsoft Visual Studio Solution File, Format Version 12.00
# Visual Studio Version 17
VisualStudioVersion = 17.0.31903.59
MinimumVisualStudioVersion = 10.0.40219.1
Project("{FAE04EC0-301F-11D3-BF4B-00C04F79EFBC}") = "API", "API\API.csproj", "{E258F85B-AC9C-4C11-9CEA-B9C64ADC79C4}"
EndProject
Project("{FAE04EC0-301F-11D3-BF4B-00C04F79EFBC}") = "Application", "Application\Application.csproj", "{0E33361D-85E8-41ED-B5BD-131C80A72F3A}"
EndProject
Project("{FAE04EC0-301F-11D3-BF4B-00C04F79EFBC}") = "Domain", "Domain\Domain.csproj", "{C013CEA9-F369-4591-B4BA-7F26BF3F573D}"
EndProject
Project("{FAE04EC0-301F-11D3-BF4B-00C04F79EFBC}") = "Persistence", "Persistence\Persistence.csproj", "{3A496822-F2BF-43EA-9E3E-4A27CFD80A24}"
EndProject
Global
	GlobalSection(SolutionConfigurationPlatforms) = preSolution
		Debug|Any CPU = Debug|Any CPU
		Debug|x64 = Debug|x64
		Debug|x86 = Debug|x86
		Release|Any CPU = Release|Any CPU
		Release|x64 = Release|x64
		Release|x86 = Release|x86
	EndGlobalSection
	GlobalSection(ProjectConfigurationPlatforms) = postSolution
		{E258F85B-AC9C-4C11-9CEA-B9C64ADC79C4}.Debug|Any CPU.ActiveCfg = Debug|Any CPU
		{E258F85B-AC9C-4C11-9CEA-B9C64ADC79C4}.Debug|Any CPU.Build.0 = Debug|Any CPU
		{E258F85B-AC9C-4C11-9CEA-B9C64ADC79C4}.Debug|x64.ActiveCfg = Debug|Any CPU
		{E258F85B-AC9C-4C11-9CEA-B9C64ADC79C4}.Debug|x64.Build.0 = Debug|Any CPU
		{E258F85B-AC9C-4C11-9CEA-B9C64ADC79C4}.Debug|x86.ActiveCfg = Debug|Any CPU
		{E258F85B-AC9C-4C11-9CEA-B9C64ADC79C4}.Debug|x86.Build.0 = Debug|Any CPU
		{E258F85B-AC9C-4C11-9CEA-B9C64ADC79C4}.Release|Any CPU.ActiveCfg = Release|Any CPU
		{E258F85B-AC9C-4C11-9CEA-B9C64ADC79C4}.Release|Any CPU.Build.0 = Release|Any CPU
		{E258F85B-AC9C-4C11-9CEA-B9C64ADC79C4}.Release|x64.ActiveCfg = Release|Any CPU
		{E258F85B-AC9C-4C11-9CEA-B9C64ADC79C4}.Release|x64.Build.0 = Release|Any CPU
		{E258F85B-AC9C-4C11-9CEA-B9C64ADC79C4}.Release|x86.ActiveCfg = Release|Any CPU
		{E258F85B-AC9C-4C11-9CEA-B9C64ADC79C4}.Release|x86.Build.0 = Release|Any CPU
		{0E33361D-85E8-41ED-B5BD-131C80A72F3A}.Debug|Any CPU.ActiveCfg = Debug|Any CPU
		{0E33361D-85E8-41ED-B5BD-131C80A72F3A}.Debug|Any CPU.Build.0 = Debug|Any CPU
		{0E33361D-85E8-41ED-B5BD-131C80A72F3A}.Debug|x64.ActiveCfg = Debug|Any CPU
		{0E33361D-85E8-41ED-B5BD-131C80A72F3A}.Debug|x64.Build.0 = Debug|Any CPU
		{0E33361D-85E8-41ED-B5BD-131C80A72F3A}.Debug|x86.ActiveCfg = Debug|Any CPU
		{0E33361D-85E8-41ED-B5BD-131C80A72F3A}.Debug|x86.Build.0 = Debug|Any CPU
		{0E33361D-85E8-41ED-B5BD-131C80A72F3A}.Release|Any CPU.ActiveCfg = Release|Any CPU
		{0E33361D-85E8-41ED-B5BD-131C80A72F3A}.Release|Any CPU.Build.0 = Release|Any CPU
		{0E33361D-85E8-41ED-B5BD-131C80A72F3A}.Release|x64.ActiveCfg = Release|Any CPU
		{0E33361D-85E8-41ED-B5BD-131C80A72F3A}.Release|x64.Build.0 = Release|Any CPU
		{0E33361D-85E8-41ED-B5BD-131C80A72F3A}.Release|x86.ActiveCfg = Release|Any CPU
		{0E33361D-85E8-41ED-B5BD-131C80A72F3A}.Release|x86.Build.0 = Release|Any CPU
		{C013CEA9-F369-4591-B4BA-7F26BF3F573D}.Debug|Any CPU.ActiveCfg = Debug|Any CPU
		{C013CEA9-F369-4591-B4BA-7F26BF3F573D}.Debug|Any CPU.Build.0 = Debug|Any CPU
		{C013CEA9-F369-4591-B4BA-7F26BF3F573D}.Debug|x64.ActiveCfg = Debug|Any CPU
		{C013CEA9-F369-4591-B4BA-7F26BF3F573D}.Debug|x64.Build.0 = Debug|Any CPU
		{C013CEA9-F369-4591-B4BA-7F26BF3F573D}.Debug|x86.ActiveCfg = Debug|Any CPU
		{C013CEA9-F369-4591-B4BA-7F26BF3F573D}.Debug|x86.Build.0 = Debug|Any CPU
		{C013CEA9-F369-4591-B4BA-7F26BF3F573D}.Release|Any CPU.ActiveCfg = Release|Any CPU
		{C013CEA9-F369-4591-B4BA-7F26BF3F573D}.Release|Any CPU.Build.0 = Release|Any CPU
		{C013CEA9-F369-4591-B4BA-7F26BF3F573D}.Release|x64.ActiveCfg = Release|Any CPU
		{C013CEA9-F369-4591-B4BA-7F26BF3F573D}.Release|x64.Build.0 = Release|Any CPU
		{C013CEA9-F369-4591-B4BA-7F26BF3F573D}.Release|x86.ActiveCfg = Release|Any CPU
		{C013CEA9-F369-4591-B4BA-7F26BF3F573D}.Release|x86.Build.0 = Release|Any CPU
		{3A496822-F2BF-43EA-9E3E-4A27CFD80A24}.Debug|Any CPU.ActiveCfg = Debug|Any CPU
		{3A496822-F2BF-43EA-9E3E-4A27CFD80A24}.Debug|Any CPU.Build.0 = Debug|Any CPU
		{3A496822-F2BF-43EA-9E3E-4A27CFD80A24}.Debug|x64.ActiveCfg = Debug|Any CPU
		{3A496822-F2BF-43EA-9E3E-4A27CFD80A24}.Debug|x64.Build.0 = Debug|Any CPU
		{3A496822-F2BF-43EA-9E3E-4A27CFD80A24}.Debug|x86.ActiveCfg = Debug|Any CPU
		{3A496822-F2BF-43EA-9E3E-4A27CFD80A24}.Debug|x86.Build.0 = Debug|Any CPU
		{3A496822-F2BF-43EA-9E3E-4A27CFD80A24}.Release|Any CPU.ActiveCfg = Release|Any CPU
		{3A496822-F2BF-43EA-9E3E-4A27CFD80A24}.Release|Any CPU.Build.0 = Release|Any CPU
		{3A496822-F2BF-43EA-9E3E-4A27CFD80A24}.Release|x64.ActiveCfg = Release|Any CPU
		{3A496822-F2BF-43EA-9E3E-4A27CFD80A24}.Release|x64.Build.0 = Release|Any CPU
		{3A496822-F2BF-43EA-9E3E-4A27CFD80A24}.Release|x86.ActiveCfg = Release|Any CPU
		{3A496822-F2BF-43EA-9E3E-4A27CFD80A24}.Release|x86.Build.0 = Release|Any CPU
	EndGlobalSection
	GlobalSection(SolutionProperties) = preSolution
		HideSolutionNode = FALSE
	EndGlobalSection
EndGlobal
